
Microsoft Visual Studio Solution File, Format Version 12.00
# Visual Studio Version 17
VisualStudioVersion = 17.7.34003.232
MinimumVisualStudioVersion = 10.0.40219.1
Project("{FAE04EC0-301F-11D3-BF4B-00C04F79EFBC}") = "KonyvtarAPI", "KonyvtarAPI\KonyvtarAPI.csproj", "{E005E364-FC06-4A99-BAF2-088AA7EF4677}"
EndProject
Project("{FAE04EC0-301F-11D3-BF4B-00C04F79EFBC}") = "KonyvtarConsole", "KonyvtarConsole\KonyvtarConsole.csproj", "{67E6A43D-BC4F-42DF-9D92-2E6CE8A01504}"
EndProject
Project("{FAE04EC0-301F-11D3-BF4B-00C04F79EFBC}") = "KonyvtarLibrary", "KonyvtarLibrary\KonyvtarLibrary.csproj", "{93BEE1AA-976E-4386-A5F3-622344D35B7C}"
EndProject
Project("{FAE04EC0-301F-11D3-BF4B-00C04F79EFBC}") = "LibraryForms", "LibraryForms\LibraryForms.csproj", "{338DFC8E-0502-4F06-9F31-64077BFA1798}"
EndProject
Global
	GlobalSection(SolutionConfigurationPlatforms) = preSolution
		Debug|Any CPU = Debug|Any CPU
		Release|Any CPU = Release|Any CPU
	EndGlobalSection
	GlobalSection(ProjectConfigurationPlatforms) = postSolution
		{E005E364-FC06-4A99-BAF2-088AA7EF4677}.Debug|Any CPU.ActiveCfg = Debug|Any CPU
		{E005E364-FC06-4A99-BAF2-088AA7EF4677}.Debug|Any CPU.Build.0 = Debug|Any CPU
		{E005E364-FC06-4A99-BAF2-088AA7EF4677}.Release|Any CPU.ActiveCfg = Release|Any CPU
		{E005E364-FC06-4A99-BAF2-088AA7EF4677}.Release|Any CPU.Build.0 = Release|Any CPU
		{67E6A43D-BC4F-42DF-9D92-2E6CE8A01504}.Debug|Any CPU.ActiveCfg = Debug|Any CPU
		{67E6A43D-BC4F-42DF-9D92-2E6CE8A01504}.Debug|Any CPU.Build.0 = Debug|Any CPU
		{67E6A43D-BC4F-42DF-9D92-2E6CE8A01504}.Release|Any CPU.ActiveCfg = Release|Any CPU
		{67E6A43D-BC4F-42DF-9D92-2E6CE8A01504}.Release|Any CPU.Build.0 = Release|Any CPU
		{93BEE1AA-976E-4386-A5F3-622344D35B7C}.Debug|Any CPU.ActiveCfg = Debug|Any CPU
		{93BEE1AA-976E-4386-A5F3-622344D35B7C}.Debug|Any CPU.Build.0 = Debug|Any CPU
		{93BEE1AA-976E-4386-A5F3-622344D35B7C}.Release|Any CPU.ActiveCfg = Release|Any CPU
		{93BEE1AA-976E-4386-A5F3-622344D35B7C}.Release|Any CPU.Build.0 = Release|Any CPU
		{338DFC8E-0502-4F06-9F31-64077BFA1798}.Debug|Any CPU.ActiveCfg = Debug|Any CPU
		{338DFC8E-0502-4F06-9F31-64077BFA1798}.Debug|Any CPU.Build.0 = Debug|Any CPU
		{338DFC8E-0502-4F06-9F31-64077BFA1798}.Release|Any CPU.ActiveCfg = Release|Any CPU
		{338DFC8E-0502-4F06-9F31-64077BFA1798}.Release|Any CPU.Build.0 = Release|Any CPU
	EndGlobalSection
	GlobalSection(SolutionProperties) = preSolution
		HideSolutionNode = FALSE
	EndGlobalSection
	GlobalSection(ExtensibilityGlobals) = postSolution
		SolutionGuid = {CC1C2E20-EC54-4CCD-84D4-CEB3CA32ED09}
	EndGlobalSection
EndGlobal
